github.com/aws/aws-sdk-go v1.44.110 h1:unno3l2FYQo6p0wYCp9gUk8YNzhOxqSktM0Y1vukl9k=
github.com/aws/aws-sdk-go v1.44.110/go.mod h1:y4AeaBuwd2Lk+GepC1E9v0qOiTws0MIWAX4oIKwKHZo=
github.com/aws/aws-sdk-go-v2 v1.9.1 h1:ZbovGV/qo40nrOJ4q8G33AGICzaPI45FHQWJ9650pF4=
github.com/aws/aws-sdk-go-v2 v1.9.1/go.mod h1:cK/D0BBs0b/oWPIcX/Z/obahJK1TT7IPVjy53i/mX/4=
github.com/aws/aws-sdk-go-v2 v1.17.8 h1:GMupCNNI7FARX27L7GjCJM8NgivWbRgpjNI/hOQjFS8=
github.com/aws/aws-sdk-go-v2 v1.17.8/go.mod h1:uzbQtefpm44goOPmdKyAlXSNcwlRgF3ePWVW6EtJvvw=
github.com/aws/aws-sdk-go-v2/aws/protocol/eventstream v1.4.10 h1:dK82zF6kkPeCo8J1e+tGx4JdvDIQzj7ygIoLg8WMuGs=
github.com/aws/aws-sdk-go-v2/aws/protocol/eventstream v1.4.10/go.mod h1:VeTZetY5KRJLuD/7fkQXMU6Mw7H5m/KP2J5Iy9osMno=
github.com/aws/aws-sdk-go-v2/config v1.8.2 h1:Dqy4ySXFmulRmZhfynm/5CD4Y6aXiTVhDtXLIuUe/r0=
github.com/aws/aws-sdk-go-v2/config v1.8.2/go.mod h1:r0bkX9NyuCuf28qVcsEMtpAQibT7gA1Q0gzkjvgJdLU=
github.com/aws/aws-sdk-go-v2/config v1.18.21 h1:ENTXWKwE8b9YXgQCsruGLhvA9bhg+RqAsL9XEMEsa2c=
github.com/aws/aws-sdk-go-v2/config v1.18.21/go.mod h1:+jPQiVPz1diRnjj6VGqWcLK6EzNmQ42l7J3OqGTLsSY=
github.com/aws/aws-sdk-go-v2/credentials v1.4.2 h1:8kVE4Og6wlhVrMGiORQ3p9gRj2exjzhFRB+QzWBUa5Q=
github.com/aws/aws-sdk-go-v2/credentials v1.4.2/go.mod h1:9Sp6u121/f0NnvHyhG7dgoYeUTEFC2vsvJqJ6wXpkaI=
github.com/aws/aws-sdk-go-v2/credentials v1.13.20 h1:oZCEFcrMppP/CNiS8myzv9JgOzq2s0d3v3MXYil/mxQ=
github.com/aws/aws-sdk-go-v2/credentials v1.13.20/go.mod h1:xtZnXErtbZ8YGXC3+8WfajpMBn5Ga/3ojZdxHq6iI8o=
github.com/aws/aws-sdk-go-v2/feature/ec2/imds v1.5.1 h1:Nm+BxqBtT0r+AnD6byGMCGT4Km0QwHBy8mAYptNPXY4=
github.com/aws/aws-sdk-go-v2/feature/ec2/imds v1.5.1/go.mod h1:W1ldHfsgeGlKpJ4xZMKZUI6Wmp6EAstU7PxnhbXWWrI=
github.com/aws/aws-sdk-go-v2/feature/ec2/imds v1.13.2 h1:jOzQAesnBFDmz93feqKnsTHsXrlwWORNZMFHMV+WLFU=
github.com/aws/aws-sdk-go-v2/feature/ec2/imds v1.13.2/go.mod h1:cDh1p6XkSGSwSRIArWRc6+UqAQ7x4alQ0QfpVR6f+co=
github.com/aws/aws-sdk-go-v2/internal/configsources v1.1.32 h1:dpbVNUjczQ8Ae3QKHbpHBpfvaVkRdesxpTOe9pTouhU=
github.com/aws/aws-sdk-go-v2/internal/configsources v1.1.32/go.mod h1:RudqOgadTWdcS3t/erPQo24pcVEoYyqj/kKW5Vya21I=
github.com/aws/aws-sdk-go-v2/internal/endpoints/v2 v2.4.26 h1:QH2kOS3Ht7x+u0gHCh06CXL/h6G8LQJFpZfFBYBNboo=
github.com/aws/aws-sdk-go-v2/internal/endpoints/v2 v2.4.26/go.mod h1:vq86l7956VgFr0/FWQ2BWnK07QC3WYsepKzy33qqY5U=
github.com/aws/aws-sdk-go-v2/internal/ini v1.2.3 h1:NnXJXUz7oihrSlPKEM0yZ19b+7GQ47MX/LluLlEyE/Y=
github.com/aws/aws-sdk-go-v2/internal/ini v1.2.3/go.mod h1:EES9ToeC3h063zCFDdqWGnARExNdULPaBvARm1FLwxA=
github.com/aws/aws-sdk-go-v2/internal/ini v1.3.33 h1:HbH1VjUgrCdLJ+4lnnuLI4iVNRvBbBELGaJ5f69ClA8=
github.com/aws/aws-sdk-go-v2/internal/ini v1.3.33/go.mod h1:zG2FcwjQarWaqXSCGpgcr3RSjZ6dHGguZSppUL0XR7Q=
github.com/aws/aws-sdk-go-v2/internal/v4a v1.0.24 h1:zsg+5ouVLLbePknVZlUMm1ptwyQLkjjLMWnN+kVs5dA=
github.com/aws/aws-sdk-go-v2/internal/v4a v1.0.24/go.mod h1:+fFaIjycTmpV6hjmPTbyU9Kp5MI/lA+bbibcAtmlhYA=
github.com/aws/aws-sdk-go-v2/service/internal/accept-encoding v1.3.0 h1:gceOysEWNNwLd6cki65IMBZ4WAM0MwgBQq2n7kejoT8=
github.com/aws/aws-sdk-go-v2/service/internal/accept-encoding v1.3.0/go.mod h1:v8ygadNyATSm6elwJ/4gzJwcFhri9RqS8skgHKiwXPU=
github.com/aws/aws-sdk-go-v2/service/internal/accept-encoding v1.9.11 h1:y2+VQzC6Zh2ojtV2LoC0MNwHWc6qXv/j2vrQtlftkdA=
github.com/aws/aws-sdk-go-v2/service/internal/accept-encoding v1.9.11/go.mod h1:iV4q2hsqtNECrfmlXyord9u4zyuFEJX9eLgLpSPzWA8=
github.com/aws/aws-sdk-go-v2/service/internal/checksum v1.1.27 h1:qIw7Hg5eJEc1uSxg3hRwAthPAO7NeOd4dPxhaTi0yB0=
github.com/aws/aws-sdk-go-v2/service/internal/checksum v1.1.27/go.mod h1:Zz0kvhcSlu3NX4XJkaGgdjaa+u7a9LYuy8JKxA5v3RM=
github.com/aws/aws-sdk-go-v2/service/internal/presigned-url v1.3.1 h1:APEjhKZLFlNVLATnA/TJyA+w1r/xd5r5ACWBDZ9aIvc=
github.com/aws/aws-sdk-go-v2/service/internal/presigned-url v1.3.1/go.mod h1:Ve+eJOx9UWaT/lMVebnFhDhO49fSLVedHoA82+Rqme0=
github.com/aws/aws-sdk-go-v2/service/internal/presigned-url v1.9.26 h1:uUt4XctZLhl9wBE1L8lobU3bVN8SNUP7T+olb0bWBO4=
github.com/aws/aws-sdk-go-v2/service/internal/presigned-url v1.9.26/go.mod h1:Bd4C/4PkVGubtNe5iMXu5BNnaBi/9t/UsFspPt4ram8=
github.com/aws/aws-sdk-go-v2/service/internal/s3shared v1.7.1 h1:YEz2KMyqK2zyG3uOa0l2xBc/H6NUVJir8FhwHQHF3rc=
github.com/aws/aws-sdk-go-v2/service/internal/s3shared v1.7.1/go.mod h1:yg4EN/BKoc7+DLhNOxxdvoO3+iyW2FuynvaKqLcLDUM=
github.com/aws/aws-sdk-go-v2/service/internal/s3shared v1.14.1 h1:lRWp3bNu5wy0X3a8GS42JvZFlv++AKsMdzEnoiVJrkg=
github.com/aws/aws-sdk-go-v2/service/internal/s3shared v1.14.1/go.mod h1:VXBHSxdN46bsJrkniN68psSwbyBKsazQfU2yX/iSDso=
github.com/aws/aws-sdk-go-v2/service/s3 v1.16.0 h1:dt1JQFj/135ozwGIWeCM3aQ8N/kB3Xu3Uu4r9zuOIyc=
github.com/aws/aws-sdk-go-v2/service/s3 v1.16.0/go.mod h1:Tk23mCmfL3wb3tNIeMk/0diUZ0W4R6uZtjYKguMLW2s=
github.com/aws/aws-sdk-go-v2/service/s3 v1.32.0 h1:NAc8WQsVQ3+kz3rU619mlz8NcbpZI6FVJHQfH33QK0g=
github.com/aws/aws-sdk-go-v2/service/s3 v1.32.0/go.mod h1:aSl9/LJltSz1cVusiR/Mu8tvI4Sv/5w/WWrJmmkNii0=
github.com/aws/aws-sdk-go-v2/service/sso v1.4.1 h1:RfgQyv3bFT2Js6XokcrNtTjQ6wAVBRpoCgTFsypihHA=
github.com/aws/aws-sdk-go-v2/service/sso v1.4.1/go.mod h1:ycPdbJZlM0BLhuBnd80WX9PucWPG88qps/2jl9HugXs=
github.com/aws/aws-sdk-go-v2/service/sso v1.12.8 h1:5cb3D6xb006bPTqEfCNaEA6PPEfBXxxy4NNeX/44kGk=
github.com/aws/aws-sdk-go-v2/service/sso v1.12.8/go.mod h1:GNIveDnP+aE3jujyUSH5aZ/rktsTM5EvtKnCqBZawdw=
github.com/aws/aws-sdk-go-v2/service/ssooidc v1.14.8 h1:NZaj0ngZMzsubWZbrEFSB4rgSQRbFq38Sd6KBxHuOIU=
github.com/aws/aws-sdk-go-v2/service/ssooidc v1.14.8/go.mod h1:44qFP1g7pfd+U+sQHLPalAPKnyfTZjJsYR4xIwsJy5o=
github.com/aws/aws-sdk-go-v2/service/sts v1.7.1 h1:7ce9ugapSgBapwLhg7AJTqKW5U92VRX3vX65k2tsB+g=
github.com/aws/aws-sdk-go-v2/service/sts v1.7.1/go.mod h1:r1i8QwKPzwByXqZb3POQfBs7jozrdnHz8PVbsvyx73w=
github.com/aws/aws-sdk-go-v2/service/sts v1.18.9 h1:Qf1aWwnsNkyAoqDqmdM3nHwN78XQjec27LjM6b9vyfI=
github.com/aws/aws-sdk-go-v2/service/sts v1.18.9/go.mod h1:yyW88BEPXA2fGFyI2KCcZC3dNpiT0CZAHaF+i656/tQ=
github.com/aws/smithy-go v1.8.0 h1:AEwwwXQZtUwP5Mz506FeXXrKBe0jA8gVM+1gEcSRooc=
github.com/aws/smithy-go v1.8.0/go.mod h1:SObp3lf9smib00L/v3U2eAKG8FyQ7iLrJnQiAmR5n+E=
github.com/aws/smithy-go v1.13.5 h1:hgz0X/DX0dGqTYpGALqXJoRKRj5oQ7150i5FdTePzO8=
github.com/aws/smithy-go v1.13.5/go.mod h1:Tg+OJXh4MB2R/uN61Ko2f6hTZwB/ZYGOtib8J3gBHzA=
github.com/davecgh/go-spew v1.1.0/go.mod h1:J7Y8YcW2NihsgmVo/mv3lAwl/skON4iLHjSsI+c5H38=
github.com/google/go-cmp v0.5.4/go.mod h1:v8dTdLbMG2kIc/vJvl+f65V22dbkXbowE6jgT/gNBxE=
github.com/google/go-cmp v0.5.6 h1:BKbKCqvP6I+rmFHt06ZmyQtvB8xAkWdhFyr0ZUNZcxQ=
github.com/google/go-cmp v0.5.6/go.mod h1:v8dTdLbMG2kIc/vJvl+f65V22dbkXbowE6jgT/gNBxE=
github.com/google/go-cmp v0.5.8 h1:e6P7q2lk1O+qJJb4BtCQXlK8vWEO8V1ZeuEdJNOqZyg=
github.com/google/go-cmp v0.5.8/go.mod h1:17dUlkBOakJ0+DkrSSNjCkIjxS6bF9zb3elmeNGIjoY=
github.com/jmespath/go-jmespath v0.4.0 h1:BEgLn5cpjn8UN1mAw4NjwDrS35OdebyEtFe+9YPoQUg=
github.com/jmespath/go-jmespath v0.4.0/go.mod h1:T8mJZnbsbmF+m6zOOFylbeCJqk5+pHWvzYPziyZiYoo=
github.com/jmespath/go-jmespath/internal/testify v1.5.1/go.mod h1:L3OGu8Wl2/fWfCI6z80xFu9LTZmf1ZRjMHUOPmWr69U=
github.com/klauspost/compress v1.15.11 h1:Lcadnb3RKGin4FYM/orgq0qde+nc15E5Cbqg4B9Sx9c=
github.com/klauspost/compress v1.15.11/go.mod h1:QPwzmACJjUTFsnSHH934V6woptycfrDDJnH7hvFVbGM=
github.com/klauspost/compress v1.16.5 h1:IFV2oUNUzZaz+XyusxpLzpzS8Pt5rh0Z16For/djlyI=
github.com/klauspost/compress v1.16.5/go.mod h1:ntbaceVETuRiXiv4DpjP66DpAtAGkEQskQzEyD//IeE=
github.com/klauspost/pgzip v1.2.5 h1:qnWYvvKqedOF2ulHpMG72XQol4ILEJ8k2wwRl/Km8oE=
github.com/klauspost/pgzip v1.2.5/go.mod h1:Ch1tH69qFZu15pkjo5kYi6mth2Zzwzt50oCQKQE9RUs=
github.com/pkg/errors v0.9.1 h1:FEBLx1zS214owpjy7qsBeixbURkuhQAwrK5UwLGTwt4=
github.com/pkg/errors v0.9.1/go.mod h1:bwawxfHBFNV+L2hUp1rHADufV3IMtnDRdf1r5NINEl0=
github.com/pmezard/go-difflib v1.0.0/go.mod h1:iKH77koFhYxTK1pcRnkKkqfTogsbg7gZNVY4sRDYZ/4=
github.com/stretchr/objx v0.1.0/go.mod h1:HFkY916IF+rwdDfMAkV7OtwuqBVzrE8GR6GFx+wExME=
golang.org/x/net v0.0.0-20220127200216-cd36cc0744dd/go.mod h1:CfG3xpIq0wQ8r1q4Su4UZFWDARRcnwPjda9FqA0JpMk=
golang.org/x/sync v0.0.0-20220929204114-8fcdb60fdcc0 h1:cu5kTvlzcw1Q5S9f5ip1/cpiB4nXvw1XYzFPGgzLUOY=
golang.org/x/sync v0.0.0-20220929204114-8fcdb60fdcc0/go.mod h1:RxMgew5VJxzue5/jJTE5uejpjVlOe/izrB70Jof72aM=
golang.org/x/sys v0.0.0-20210615035016-665e8c7367d1/go.mod h1:oPkhp1MJrh7nUepCBck5+mAzfO9JrbApNNgaTdGDITg=
golang.org/x/sys v0.0.0-20211216021012-1d35b9e2eb4e/go.mod h1:oPkhp1MJrh7nUepCBck5+mAzfO9JrbApNNgaTdGDITg=
golang.org/x/term v0.0.0-20210927222741-03fcf44c2211/go.mod h1:jbD1KX2456YbFQfuXm/mYQcufACuNUgVhRMnK/tPxf8=
golang.org/x/text v0.3.7/go.mod h1:u+2+/6zg+i71rQMx5EYifcz6MCKuco9NR6JIITiCfzQ=
golang.org/x/tools v0.0.0-20180917221912-90fa682c2a6e/go.mod h1:n7NCudcB/nEzxVGmLbDWY5pfWTLqBcC2KZ6jyYvM4mQ=
golang.org/x/xerrors v0.0.0-20191204190536-9bdfabe68543 h1:E7g+9GITq07hpfrRu66IVDexMakfv52eLZ2CXBWiKr4=
golang.org/x/xerrors v0.0.0-20191204190536-9bdfabe68543/go.mod h1:I/5z698sn9Ka8TeJc9MKroUUfqBBauWjQqLJ2OPfmY0=
gopkg.in/check.v1 v0.0.0-20161208181325-20d25e280405/go.mod h1:Co6ibVJAznAaIkqp8huTwlJQCZ016jof/cbN4VW5Yz0=
gopkg.in/yaml.v2 v2.2.8/go.mod h1:hI93XBmqTisBFMUTm0b8Fm+jr3Dg1NNxqwp+5A1VGuI=
